
Microsoft Visual Studio Solution File, Format Version 12.00
# Visual Studio Version 17
VisualStudioVersion = 17.8.34316.72
MinimumVisualStudioVersion = 10.0.40219.1
Project("{FAE04EC0-301F-11D3-BF4B-00C04F79EFBC}") = "UsingTheRegistry", "UsingTheRegistry\UsingTheRegistry.csproj", "{F4AE8EDB-EB5C-460E-B568-41A516A066EA}"
EndProject
Global
	GlobalSection(SolutionConfigurationPlatforms) = preSolution
		Debug|Any CPU = Debug|Any CPU
		Release|Any CPU = Release|Any CPU
	EndGlobalSection
	GlobalSection(ProjectConfigurationPlatforms) = postSolution
		{F4AE8EDB-EB5C-460E-B568-41A516A066EA}.Debug|Any CPU.ActiveCfg = Debug|Any CPU
		{F4AE8EDB-EB5C-460E-B568-41A516A066EA}.Debug|Any CPU.Build.0 = Debug|Any CPU
		{F4AE8EDB-EB5C-460E-B568-41A516A066EA}.Release|Any CPU.ActiveCfg = Release|Any CPU
		{F4AE8EDB-EB5C-460E-B568-41A516A066EA}.Release|Any CPU.Build.0 = Release|Any CPU
	EndGlobalSection
	GlobalSection(SolutionProperties) = preSolution
		HideSolutionNode = FALSE
	EndGlobalSection
	GlobalSection(ExtensibilityGlobals) = postSolution
		SolutionGuid = {C27D5587-9720-4FCB-8603-C70F495BA1A5}
	EndGlobalSection
EndGlobal
